// !$*UTF8*$!
{
	archiveVersion = 1;
	classes = {
	};
	objectVersion = 55;
	objects = {

/* Begin PBXBuildFile section */
		CB779E7F26C9C03000EC7D21 /* AppDelegate.swift in Sources */ = {isa = PBXBuildFile; fileRef = CB779E7E26C9C03000EC7D21 /* AppDelegate.swift */; };
		CB779E8126C9C03000EC7D21 /* SceneDelegate.swift in Sources */ = {isa = PBXBuildFile; fileRef = CB779E8026C9C03000EC7D21 /* SceneDelegate.swift */; };
		CB779E8426C9C03000EC7D21 /* LaunchScreen.storyboard in Resources */ = {isa = PBXBuildFile; fileRef = CB779E8226C9C03000EC7D21 /* LaunchScreen.storyboard */; };
		CB779E8726C9C03000EC7D21 /* Main.storyboard in Resources */ = {isa = PBXBuildFile; fileRef = CB779E8526C9C03000EC7D21 /* Main.storyboard */; };
		CB779E9026C9C03000EC7D21 /* AppDelegate.swift in Sources */ = {isa = PBXBuildFile; fileRef = CB779E8F26C9C03000EC7D21 /* AppDelegate.swift */; };
		CB779E9326C9C03000EC7D21 /* Main.storyboard in Resources */ = {isa = PBXBuildFile; fileRef = CB779E9126C9C03000EC7D21 /* Main.storyboard */; };
		CB779E9A26C9C03000EC7D21 /* Keys Multiplatform Extension.appex in Embed App Extensions */ = {isa = PBXBuildFile; fileRef = CB779E9926C9C03000EC7D21 /* Keys Multiplatform Extension.appex */; settings = {ATTRIBUTES = (RemoveHeadersOnCopy, ); }; };
		CB779EA426C9C03000EC7D21 /* Keys Multiplatform Extension.appex in Embed App Extensions */ = {isa = PBXBuildFile; fileRef = CB779EA326C9C03000EC7D21 /* Keys Multiplatform Extension.appex */; settings = {ATTRIBUTES = (RemoveHeadersOnCopy, ); }; };
		CB779EA926C9C03000EC7D21 /* Main.html in Resources */ = {isa = PBXBuildFile; fileRef = CB779E6526C9C02E00EC7D21 /* Main.html */; };
		CB779EAA26C9C03000EC7D21 /* Main.html in Resources */ = {isa = PBXBuildFile; fileRef = CB779E6526C9C02E00EC7D21 /* Main.html */; };
		CB779EAB26C9C03000EC7D21 /* Icon.png in Resources */ = {isa = PBXBuildFile; fileRef = CB779E6726C9C02E00EC7D21 /* Icon.png */; };
		CB779EAC26C9C03000EC7D21 /* Icon.png in Resources */ = {isa = PBXBuildFile; fileRef = CB779E6726C9C02E00EC7D21 /* Icon.png */; };
		CB779EAD26C9C03000EC7D21 /* Style.css in Resources */ = {isa = PBXBuildFile; fileRef = CB779E6826C9C02E00EC7D21 /* Style.css */; };
		CB779EAE26C9C03000EC7D21 /* Style.css in Resources */ = {isa = PBXBuildFile; fileRef = CB779E6826C9C02E00EC7D21 /* Style.css */; };
		CB779EAF26C9C03000EC7D21 /* Script.js in Resources */ = {isa = PBXBuildFile; fileRef = CB779E6926C9C02E00EC7D21 /* Script.js */; };
		CB779EB026C9C03000EC7D21 /* Script.js in Resources */ = {isa = PBXBuildFile; fileRef = CB779E6926C9C02E00EC7D21 /* Script.js */; };
		CB779EB126C9C03000EC7D21 /* ViewController.swift in Sources */ = {isa = PBXBuildFile; fileRef = CB779E6A26C9C02E00EC7D21 /* ViewController.swift */; };
		CB779EB226C9C03000EC7D21 /* ViewController.swift in Sources */ = {isa = PBXBuildFile; fileRef = CB779E6A26C9C02E00EC7D21 /* ViewController.swift */; };
		CB779EB326C9C03000EC7D21 /* Assets.xcassets in Resources */ = {isa = PBXBuildFile; fileRef = CB779E6B26C9C03000EC7D21 /* Assets.xcassets */; };
		CB779EB426C9C03000EC7D21 /* Assets.xcassets in Resources */ = {isa = PBXBuildFile; fileRef = CB779E6B26C9C03000EC7D21 /* Assets.xcassets */; };
		CB779EB526C9C03000EC7D21 /* SafariWebExtensionHandler.swift in Sources */ = {isa = PBXBuildFile; fileRef = CB779E6D26C9C03000EC7D21 /* SafariWebExtensionHandler.swift */; };
		CB779EB626C9C03000EC7D21 /* SafariWebExtensionHandler.swift in Sources */ = {isa = PBXBuildFile; fileRef = CB779E6D26C9C03000EC7D21 /* SafariWebExtensionHandler.swift */; };
		CB779EB726C9C03000EC7D21 /* _locales in Resources */ = {isa = PBXBuildFile; fileRef = CB779E6F26C9C03000EC7D21 /* _locales */; };
		CB779EB826C9C03000EC7D21 /* _locales in Resources */ = {isa = PBXBuildFile; fileRef = CB779E6F26C9C03000EC7D21 /* _locales */; };
		CB779EB926C9C03000EC7D21 /* images in Resources */ = {isa = PBXBuildFile; fileRef = CB779E7026C9C03000EC7D21 /* images */; };
		CB779EBA26C9C03000EC7D21 /* images in Resources */ = {isa = PBXBuildFile; fileRef = CB779E7026C9C03000EC7D21 /* images */; };
		CB779EBB26C9C03000EC7D21 /* manifest.json in Resources */ = {isa = PBXBuildFile; fileRef = CB779E7126C9C03000EC7D21 /* manifest.json */; };
		CB779EBC26C9C03000EC7D21 /* manifest.json in Resources */ = {isa = PBXBuildFile; fileRef = CB779E7126C9C03000EC7D21 /* manifest.json */; };
		CB779EBD26C9C03000EC7D21 /* background.js in Resources */ = {isa = PBXBuildFile; fileRef = CB779E7226C9C03000EC7D21 /* background.js */; };
		CB779EBE26C9C03000EC7D21 /* background.js in Resources */ = {isa = PBXBuildFile; fileRef = CB779E7226C9C03000EC7D21 /* background.js */; };
		CB779EBF26C9C03000EC7D21 /* content.js in Resources */ = {isa = PBXBuildFile; fileRef = CB779E7326C9C03000EC7D21 /* content.js */; };
		CB779EC026C9C03000EC7D21 /* content.js in Resources */ = {isa = PBXBuildFile; fileRef = CB779E7326C9C03000EC7D21 /* content.js */; };
		CB779EC126C9C03000EC7D21 /* popup.html in Resources */ = {isa = PBXBuildFile; fileRef = CB779E7426C9C03000EC7D21 /* popup.html */; };
		CB779EC226C9C03000EC7D21 /* popup.html in Resources */ = {isa = PBXBuildFile; fileRef = CB779E7426C9C03000EC7D21 /* popup.html */; };
		CB779EC326C9C03000EC7D21 /* popup.css in Resources */ = {isa = PBXBuildFile; fileRef = CB779E7526C9C03000EC7D21 /* popup.css */; };
		CB779EC426C9C03000EC7D21 /* popup.css in Resources */ = {isa = PBXBuildFile; fileRef = CB779E7526C9C03000EC7D21 /* popup.css */; };
		CB779EC526C9C03000EC7D21 /* popup.js in Resources */ = {isa = PBXBuildFile; fileRef = CB779E7626C9C03000EC7D21 /* popup.js */; };
		CB779EC626C9C03000EC7D21 /* popup.js in Resources */ = {isa = PBXBuildFile; fileRef = CB779E7626C9C03000EC7D21 /* popup.js */; };
/* End PBXBuildFile section */

/* Begin PBXContainerItemProxy section */
		CB779E9B26C9C03000EC7D21 /* PBXContainerItemProxy */ = {
			isa = PBXContainerItemProxy;
			containerPortal = CB779E5F26C9C02D00EC7D21 /* Project object */;
			proxyType = 1;
			remoteGlobalIDString = CB779E9826C9C03000EC7D21;
			remoteInfo = "Keys Multiplatform Extension (iOS)";
		};
		CB779EA526C9C03000EC7D21 /* PBXContainerItemProxy */ = {
			isa = PBXContainerItemProxy;
			containerPortal = CB779E5F26C9C02D00EC7D21 /* Project object */;
			proxyType = 1;
			remoteGlobalIDString = CB779EA226C9C03000EC7D21;
			remoteInfo = "Keys Multiplatform Extension (macOS)";
		};
/* End PBXContainerItemProxy section */

/* Begin PBXCopyFilesBuildPhase section */
		CB779ECC26C9C03000EC7D21 /* Embed App Extensions */ = {
			isa = PBXCopyFilesBuildPhase;
			buildActionMask = 2147483647;
			dstPath = "";
			dstSubfolderSpec = 13;
			files = (
				CB779E9A26C9C03000EC7D21 /* Keys Multiplatform Extension.appex in Embed App Extensions */,
			);
			name = "Embed App Extensions";
			runOnlyForDeploymentPostprocessing = 0;
		};
		CB779ED326C9C03000EC7D21 /* Embed App Extensions */ = {
			isa = PBXCopyFilesBuildPhase;
			buildActionMask = 2147483647;
			dstPath = "";
			dstSubfolderSpec = 13;
			files = (
				CB779EA426C9C03000EC7D21 /* Keys Multiplatform Extension.appex in Embed App Extensions */,
			);
			name = "Embed App Extensions";
			runOnlyForDeploymentPostprocessing = 0;
		};
/* End PBXCopyFilesBuildPhase section */

/* Begin PBXFileReference section */
		CB779E6626C9C02E00EC7D21 /* Base */ = {isa = PBXFileReference; lastKnownFileType = text.html; name = Base; path = ../Base.lproj/Main.html; sourceTree = "<group>"; };
		CB779E6726C9C02E00EC7D21 /* Icon.png */ = {isa = PBXFileReference; lastKnownFileType = image.png; path = Icon.png; sourceTree = "<group>"; };
		CB779E6826C9C02E00EC7D21 /* Style.css */ = {isa = PBXFileReference; lastKnownFileType = text.css; path = Style.css; sourceTree = "<group>"; };
		CB779E6926C9C02E00EC7D21 /* Script.js */ = {isa = PBXFileReference; lastKnownFileType = sourcecode.javascript; path = Script.js; sourceTree = "<group>"; };
		CB779E6A26C9C02E00EC7D21 /* ViewController.swift */ = {isa = PBXFileReference; lastKnownFileType = sourcecode.swift; path = ViewController.swift; sourceTree = "<group>"; };
		CB779E6B26C9C03000EC7D21 /* Assets.xcassets */ = {isa = PBXFileReference; lastKnownFileType = folder.assetcatalog; path = Assets.xcassets; sourceTree = "<group>"; };
		CB779E6D26C9C03000EC7D21 /* SafariWebExtensionHandler.swift */ = {isa = PBXFileReference; lastKnownFileType = sourcecode.swift; path = SafariWebExtensionHandler.swift; sourceTree = "<group>"; };
		CB779E6F26C9C03000EC7D21 /* _locales */ = {isa = PBXFileReference; lastKnownFileType = folder; path = _locales; sourceTree = "<group>"; };
		CB779E7026C9C03000EC7D21 /* images */ = {isa = PBXFileReference; lastKnownFileType = folder; path = images; sourceTree = "<group>"; };
		CB779E7126C9C03000EC7D21 /* manifest.json */ = {isa = PBXFileReference; lastKnownFileType = text.json; path = manifest.json; sourceTree = "<group>"; };
		CB779E7226C9C03000EC7D21 /* background.js */ = {isa = PBXFileReference; lastKnownFileType = sourcecode.javascript; path = background.js; sourceTree = "<group>"; };
		CB779E7326C9C03000EC7D21 /* content.js */ = {isa = PBXFileReference; lastKnownFileType = sourcecode.javascript; path = content.js; sourceTree = "<group>"; };
		CB779E7426C9C03000EC7D21 /* popup.html */ = {isa = PBXFileReference; lastKnownFileType = text.html; path = popup.html; sourceTree = "<group>"; };
		CB779E7526C9C03000EC7D21 /* popup.css */ = {isa = PBXFileReference; lastKnownFileType = text.css; path = popup.css; sourceTree = "<group>"; };
		CB779E7626C9C03000EC7D21 /* popup.js */ = {isa = PBXFileReference; lastKnownFileType = sourcecode.javascript; path = popup.js; sourceTree = "<group>"; };
		CB779E7B26C9C03000EC7D21 /* Keys Multiplatform.app */ = {isa = PBXFileReference; explicitFileType = wrapper.application; includeInIndex = 0; path = "Keys Multiplatform.app"; sourceTree = BUILT_PRODUCTS_DIR; };
		CB779E7E26C9C03000EC7D21 /* AppDelegate.swift */ = {isa = PBXFileReference; lastKnownFileType = sourcecode.swift; path = AppDelegate.swift; sourceTree = "<group>"; };
		CB779E8026C9C03000EC7D21 /* SceneDelegate.swift */ = {isa = PBXFileReference; lastKnownFileType = sourcecode.swift; path = SceneDelegate.swift; sourceTree = "<group>"; };
		CB779E8326C9C03000EC7D21 /* Base */ = {isa = PBXFileReference; lastKnownFileType = file.storyboard; name = Base; path = Base.lproj/LaunchScreen.storyboard; sourceTree = "<group>"; };
		CB779E8626C9C03000EC7D21 /* Base */ = {isa = PBXFileReference; lastKnownFileType = file.storyboard; name = Base; path = Base.lproj/Main.storyboard; sourceTree = "<group>"; };
		CB779E8826C9C03000EC7D21 /* Info.plist */ = {isa = PBXFileReference; lastKnownFileType = text.plist.xml; path = Info.plist; sourceTree = "<group>"; };
		CB779E8D26C9C03000EC7D21 /* Keys Multiplatform.app */ = {isa = PBXFileReference; explicitFileType = wrapper.application; includeInIndex = 0; path = "Keys Multiplatform.app"; sourceTree = BUILT_PRODUCTS_DIR; };
		CB779E8F26C9C03000EC7D21 /* AppDelegate.swift */ = {isa = PBXFileReference; lastKnownFileType = sourcecode.swift; path = AppDelegate.swift; sourceTree = "<group>"; };
		CB779E9226C9C03000EC7D21 /* Base */ = {isa = PBXFileReference; lastKnownFileType = file.storyboard; name = Base; path = Base.lproj/Main.storyboard; sourceTree = "<group>"; };
		CB779E9426C9C03000EC7D21 /* Keys Multiplatform.entitlements */ = {isa = PBXFileReference; lastKnownFileType = text.plist.entitlements; path = "Keys Multiplatform.entitlements"; sourceTree = "<group>"; };
		CB779E9926C9C03000EC7D21 /* Keys Multiplatform Extension.appex */ = {isa = PBXFileReference; explicitFileType = "wrapper.app-extension"; includeInIndex = 0; path = "Keys Multiplatform Extension.appex"; sourceTree = BUILT_PRODUCTS_DIR; };
		CB779E9E26C9C03000EC7D21 /* Info.plist */ = {isa = PBXFileReference; lastKnownFileType = text.plist.xml; path = Info.plist; sourceTree = "<group>"; };
		CB779EA326C9C03000EC7D21 /* Keys Multiplatform Extension.appex */ = {isa = PBXFileReference; explicitFileType = "wrapper.app-extension"; includeInIndex = 0; path = "Keys Multiplatform Extension.appex"; sourceTree = BUILT_PRODUCTS_DIR; };
		CB779EA826C9C03000EC7D21 /* Info.plist */ = {isa = PBXFileReference; lastKnownFileType = text.plist.xml; path = Info.plist; sourceTree = "<group>"; };
/* End PBXFileReference section */

/* Begin PBXFrameworksBuildPhase section */
		CB779E7826C9C03000EC7D21 /* Frameworks */ = {
			isa = PBXFrameworksBuildPhase;
			buildActionMask = 2147483647;
			files = (
			);
			runOnlyForDeploymentPostprocessing = 0;
		};
		CB779E8A26C9C03000EC7D21 /* Frameworks */ = {
			isa = PBXFrameworksBuildPhase;
			buildActionMask = 2147483647;
			files = (
			);
			runOnlyForDeploymentPostprocessing = 0;
		};
		CB779E9626C9C03000EC7D21 /* Frameworks */ = {
			isa = PBXFrameworksBuildPhase;
			buildActionMask = 2147483647;
			files = (
			);
			runOnlyForDeploymentPostprocessing = 0;
		};
		CB779EA026C9C03000EC7D21 /* Frameworks */ = {
			isa = PBXFrameworksBuildPhase;
			buildActionMask = 2147483647;
			files = (
			);
			runOnlyForDeploymentPostprocessing = 0;
		};
/* End PBXFrameworksBuildPhase section */

/* Begin PBXGroup section */
		CB779E5E26C9C02D00EC7D21 = {
			isa = PBXGroup;
			children = (
				CB779E6326C9C02E00EC7D21 /* Shared (App) */,
				CB779E6C26C9C03000EC7D21 /* Shared (Extension) */,
				CB779E7D26C9C03000EC7D21 /* iOS (App) */,
				CB779E8E26C9C03000EC7D21 /* macOS (App) */,
				CB779E9D26C9C03000EC7D21 /* iOS (Extension) */,
				CB779EA726C9C03000EC7D21 /* macOS (Extension) */,
				CB779E7C26C9C03000EC7D21 /* Products */,
			);
			sourceTree = "<group>";
		};
		CB779E6326C9C02E00EC7D21 /* Shared (App) */ = {
			isa = PBXGroup;
			children = (
				CB779E6A26C9C02E00EC7D21 /* ViewController.swift */,
				CB779E6B26C9C03000EC7D21 /* Assets.xcassets */,
				CB779E6426C9C02E00EC7D21 /* Resources */,
			);
			path = "Shared (App)";
			sourceTree = "<group>";
		};
		CB779E6426C9C02E00EC7D21 /* Resources */ = {
			isa = PBXGroup;
			children = (
				CB779E6526C9C02E00EC7D21 /* Main.html */,
				CB779E6726C9C02E00EC7D21 /* Icon.png */,
				CB779E6826C9C02E00EC7D21 /* Style.css */,
				CB779E6926C9C02E00EC7D21 /* Script.js */,
			);
			path = Resources;
			sourceTree = "<group>";
		};
		CB779E6C26C9C03000EC7D21 /* Shared (Extension) */ = {
			isa = PBXGroup;
			children = (
				CB779E6D26C9C03000EC7D21 /* SafariWebExtensionHandler.swift */,
				CB779E6E26C9C03000EC7D21 /* Resources */,
			);
			path = "Shared (Extension)";
			sourceTree = "<group>";
		};
		CB779E6E26C9C03000EC7D21 /* Resources */ = {
			isa = PBXGroup;
			children = (
				CB779E6F26C9C03000EC7D21 /* _locales */,
				CB779E7026C9C03000EC7D21 /* images */,
				CB779E7126C9C03000EC7D21 /* manifest.json */,
				CB779E7226C9C03000EC7D21 /* background.js */,
				CB779E7326C9C03000EC7D21 /* content.js */,
				CB779E7426C9C03000EC7D21 /* popup.html */,
				CB779E7526C9C03000EC7D21 /* popup.css */,
				CB779E7626C9C03000EC7D21 /* popup.js */,
			);
			path = Resources;
			sourceTree = "<group>";
		};
		CB779E7C26C9C03000EC7D21 /* Products */ = {
			isa = PBXGroup;
			children = (
				CB779E7B26C9C03000EC7D21 /* Keys Multiplatform.app */,
				CB779E8D26C9C03000EC7D21 /* Keys Multiplatform.app */,
				CB779E9926C9C03000EC7D21 /* Keys Multiplatform Extension.appex */,
				CB779EA326C9C03000EC7D21 /* Keys Multiplatform Extension.appex */,
			);
			name = Products;
			sourceTree = "<group>";
		};
		CB779E7D26C9C03000EC7D21 /* iOS (App) */ = {
			isa = PBXGroup;
			children = (
				CB779E7E26C9C03000EC7D21 /* AppDelegate.swift */,
				CB779E8026C9C03000EC7D21 /* SceneDelegate.swift */,
				CB779E8226C9C03000EC7D21 /* LaunchScreen.storyboard */,
				CB779E8526C9C03000EC7D21 /* Main.storyboard */,
				CB779E8826C9C03000EC7D21 /* Info.plist */,
			);
			path = "iOS (App)";
			sourceTree = "<group>";
		};
		CB779E8E26C9C03000EC7D21 /* macOS (App) */ = {
			isa = PBXGroup;
			children = (
				CB779E8F26C9C03000EC7D21 /* AppDelegate.swift */,
				CB779E9126C9C03000EC7D21 /* Main.storyboard */,
				CB779E9426C9C03000EC7D21 /* Keys Multiplatform.entitlements */,
			);
			path = "macOS (App)";
			sourceTree = "<group>";
		};
		CB779E9D26C9C03000EC7D21 /* iOS (Extension) */ = {
			isa = PBXGroup;
			children = (
				CB779E9E26C9C03000EC7D21 /* Info.plist */,
			);
			path = "iOS (Extension)";
			sourceTree = "<group>";
		};
		CB779EA726C9C03000EC7D21 /* macOS (Extension) */ = {
			isa = PBXGroup;
			children = (
				CB779EA826C9C03000EC7D21 /* Info.plist */,
			);
			path = "macOS (Extension)";
			sourceTree = "<group>";
		};
/* End PBXGroup section */

/* Begin PBXNativeTarget section */
		CB779E7A26C9C03000EC7D21 /* Keys Multiplatform (iOS) */ = {
			isa = PBXNativeTarget;
			buildConfigurationList = CB779ECD26C9C03000EC7D21 /* Build configuration list for PBXNativeTarget "Keys Multiplatform (iOS)" */;
			buildPhases = (
				CB779E7726C9C03000EC7D21 /* Sources */,
				CB779E7826C9C03000EC7D21 /* Frameworks */,
				CB779E7926C9C03000EC7D21 /* Resources */,
				CB779ECC26C9C03000EC7D21 /* Embed App Extensions */,
			);
			buildRules = (
			);
			dependencies = (
				CB779E9C26C9C03000EC7D21 /* PBXTargetDependency */,
			);
			name = "Keys Multiplatform (iOS)";
			productName = "Keys Multiplatform (iOS)";
			productReference = CB779E7B26C9C03000EC7D21 /* Keys Multiplatform.app */;
			productType = "com.apple.product-type.application";
		};
		CB779E8C26C9C03000EC7D21 /* Keys Multiplatform (macOS) */ = {
			isa = PBXNativeTarget;
			buildConfigurationList = CB779ED426C9C03000EC7D21 /* Build configuration list for PBXNativeTarget "Keys Multiplatform (macOS)" */;
			buildPhases = (
				CB779E8926C9C03000EC7D21 /* Sources */,
				CB779E8A26C9C03000EC7D21 /* Frameworks */,
				CB779E8B26C9C03000EC7D21 /* Resources */,
				CB779ED326C9C03000EC7D21 /* Embed App Extensions */,
			);
			buildRules = (
			);
			dependencies = (
				CB779EA626C9C03000EC7D21 /* PBXTargetDependency */,
			);
			name = "Keys Multiplatform (macOS)";
			productName = "Keys Multiplatform (macOS)";
			productReference = CB779E8D26C9C03000EC7D21 /* Keys Multiplatform.app */;
			productType = "com.apple.product-type.application";
		};
		CB779E9826C9C03000EC7D21 /* Keys Multiplatform Extension (iOS) */ = {
			isa = PBXNativeTarget;
			buildConfigurationList = CB779EC926C9C03000EC7D21 /* Build configuration list for PBXNativeTarget "Keys Multiplatform Extension (iOS)" */;
			buildPhases = (
				CB779E9526C9C03000EC7D21 /* Sources */,
				CB779E9626C9C03000EC7D21 /* Frameworks */,
				CB779E9726C9C03000EC7D21 /* Resources */,
			);
			buildRules = (
			);
			dependencies = (
			);
			name = "Keys Multiplatform Extension (iOS)";
			productName = "Keys Multiplatform Extension (iOS)";
			productReference = CB779E9926C9C03000EC7D21 /* Keys Multiplatform Extension.appex */;
			productType = "com.apple.product-type.app-extension";
		};
		CB779EA226C9C03000EC7D21 /* Keys Multiplatform Extension (macOS) */ = {
			isa = PBXNativeTarget;
			buildConfigurationList = CB779ED026C9C03000EC7D21 /* Build configuration list for PBXNativeTarget "Keys Multiplatform Extension (macOS)" */;
			buildPhases = (
				CB779E9F26C9C03000EC7D21 /* Sources */,
				CB779EA026C9C03000EC7D21 /* Frameworks */,
				CB779EA126C9C03000EC7D21 /* Resources */,
			);
			buildRules = (
			);
			dependencies = (
			);
			name = "Keys Multiplatform Extension (macOS)";
			productName = "Keys Multiplatform Extension (macOS)";
			productReference = CB779EA326C9C03000EC7D21 /* Keys Multiplatform Extension.appex */;
			productType = "com.apple.product-type.app-extension";
		};
/* End PBXNativeTarget section */

/* Begin PBXProject section */
		CB779E5F26C9C02D00EC7D21 /* Project object */ = {
			isa = PBXProject;
			attributes = {
				BuildIndependentTargetsInParallel = 1;
				LastSwiftUpdateCheck = 1300;
				LastUpgradeCheck = 1300;
				TargetAttributes = {
					CB779E7A26C9C03000EC7D21 = {
						CreatedOnToolsVersion = 13.0;
					};
					CB779E8C26C9C03000EC7D21 = {
						CreatedOnToolsVersion = 13.0;
					};
					CB779E9826C9C03000EC7D21 = {
						CreatedOnToolsVersion = 13.0;
					};
					CB779EA226C9C03000EC7D21 = {
						CreatedOnToolsVersion = 13.0;
					};
				};
			};
			buildConfigurationList = CB779E6226C9C02D00EC7D21 /* Build configuration list for PBXProject "Keys Multiplatform" */;
			compatibilityVersion = "Xcode 13.0";
			developmentRegion = en;
			hasScannedForEncodings = 0;
			knownRegions = (
				en,
				Base,
			);
			mainGroup = CB779E5E26C9C02D00EC7D21;
			productRefGroup = CB779E7C26C9C03000EC7D21 /* Products */;
			projectDirPath = "";
			projectRoot = "";
			targets = (
				CB779E7A26C9C03000EC7D21 /* Keys Multiplatform (iOS) */,
				CB779E8C26C9C03000EC7D21 /* Keys Multiplatform (macOS) */,
				CB779E9826C9C03000EC7D21 /* Keys Multiplatform Extension (iOS) */,
				CB779EA226C9C03000EC7D21 /* Keys Multiplatform Extension (macOS) */,
			);
		};
/* End PBXProject section */

/* Begin PBXResourcesBuildPhase section */
		CB779E7926C9C03000EC7D21 /* Resources */ = {
			isa = PBXResourcesBuildPhase;
			buildActionMask = 2147483647;
			files = (
				CB779EAB26C9C03000EC7D21 /* Icon.png in Resources */,
				CB779E8426C9C03000EC7D21 /* LaunchScreen.storyboard in Resources */,
				CB779EA926C9C03000EC7D21 /* Main.html in Resources */,
				CB779EAF26C9C03000EC7D21 /* Script.js in Resources */,
				CB779EB326C9C03000EC7D21 /* Assets.xcassets in Resources */,
				CB779E8726C9C03000EC7D21 /* Main.storyboard in Resources */,
				CB779EAD26C9C03000EC7D21 /* Style.css in Resources */,
			);
			runOnlyForDeploymentPostprocessing = 0;
		};
		CB779E8B26C9C03000EC7D21 /* Resources */ = {
			isa = PBXResourcesBuildPhase;
			buildActionMask = 2147483647;
			files = (
				CB779EAC26C9C03000EC7D21 /* Icon.png in Resources */,
				CB779EAE26C9C03000EC7D21 /* Style.css in Resources */,
				CB779E9326C9C03000EC7D21 /* Main.storyboard in Resources */,
				CB779EB026C9C03000EC7D21 /* Script.js in Resources */,
				CB779EB426C9C03000EC7D21 /* Assets.xcassets in Resources */,
				CB779EAA26C9C03000EC7D21 /* Main.html in Resources */,
			);
			runOnlyForDeploymentPostprocessing = 0;
		};
		CB779E9726C9C03000EC7D21 /* Resources */ = {
			isa = PBXResourcesBuildPhase;
			buildActionMask = 2147483647;
			files = (
				CB779EBD26C9C03000EC7D21 /* background.js in Resources */,
				CB779EC326C9C03000EC7D21 /* popup.css in Resources */,
				CB779EC126C9C03000EC7D21 /* popup.html in Resources */,
				CB779EB926C9C03000EC7D21 /* images in Resources */,
				CB779EBB26C9C03000EC7D21 /* manifest.json in Resources */,
				CB779EB726C9C03000EC7D21 /* _locales in Resources */,
				CB779EBF26C9C03000EC7D21 /* content.js in Resources */,
				CB779EC526C9C03000EC7D21 /* popup.js in Resources */,
			);
			runOnlyForDeploymentPostprocessing = 0;
		};
		CB779EA126C9C03000EC7D21 /* Resources */ = {
			isa = PBXResourcesBuildPhase;
			buildActionMask = 2147483647;
			files = (
				CB779EBE26C9C03000EC7D21 /* background.js in Resources */,
				CB779EC426C9C03000EC7D21 /* popup.css in Resources */,
				CB779EC226C9C03000EC7D21 /* popup.html in Resources */,
				CB779EBA26C9C03000EC7D21 /* images in Resources */,
				CB779EBC26C9C03000EC7D21 /* manifest.json in Resources */,
				CB779EB826C9C03000EC7D21 /* _locales in Resources */,
				CB779EC026C9C03000EC7D21 /* content.js in Resources */,
				CB779EC626C9C03000EC7D21 /* popup.js in Resources */,
			);
			runOnlyForDeploymentPostprocessing = 0;
		};
/* End PBXResourcesBuildPhase section */

/* Begin PBXSourcesBuildPhase section */
		CB779E7726C9C03000EC7D21 /* Sources */ = {
			isa = PBXSourcesBuildPhase;
			buildActionMask = 2147483647;
			files = (
				CB779EB126C9C03000EC7D21 /* ViewController.swift in Sources */,
				CB779E7F26C9C03000EC7D21 /* AppDelegate.swift in Sources */,
				CB779E8126C9C03000EC7D21 /* SceneDelegate.swift in Sources */,
			);
			runOnlyForDeploymentPostprocessing = 0;
		};
		CB779E8926C9C03000EC7D21 /* Sources */ = {
			isa = PBXSourcesBuildPhase;
			buildActionMask = 2147483647;
			files = (
				CB779EB226C9C03000EC7D21 /* ViewController.swift in Sources */,
				CB779E9026C9C03000EC7D21 /* AppDelegate.swift in Sources */,
			);
			runOnlyForDeploymentPostprocessing = 0;
		};
		CB779E9526C9C03000EC7D21 /* Sources */ = {
			isa = PBXSourcesBuildPhase;
			buildActionMask = 2147483647;
			files = (
				CB779EB526C9C03000EC7D21 /* SafariWebExtensionHandler.swift in Sources */,
			);
			runOnlyForDeploymentPostprocessing = 0;
		};
		CB779E9F26C9C03000EC7D21 /* Sources */ = {
			isa = PBXSourcesBuildPhase;
			buildActionMask = 2147483647;
			files = (
				CB779EB626C9C03000EC7D21 /* SafariWebExtensionHandler.swift in Sources */,
			);
			runOnlyForDeploymentPostprocessing = 0;
		};
/* End PBXSourcesBuildPhase section */

/* Begin PBXTargetDependency section */
		CB779E9C26C9C03000EC7D21 /* PBXTargetDependency */ = {
			isa = PBXTargetDependency;
			target = CB779E9826C9C03000EC7D21 /* Keys Multiplatform Extension (iOS) */;
			targetProxy = CB779E9B26C9C03000EC7D21 /* PBXContainerItemProxy */;
		};
		CB779EA626C9C03000EC7D21 /* PBXTargetDependency */ = {
			isa = PBXTargetDependency;
			target = CB779EA226C9C03000EC7D21 /* Keys Multiplatform Extension (macOS) */;
			targetProxy = CB779EA526C9C03000EC7D21 /* PBXContainerItemProxy */;
		};
/* End PBXTargetDependency section */

/* Begin PBXVariantGroup section */
		CB779E6526C9C02E00EC7D21 /* Main.html */ = {
			isa = PBXVariantGroup;
			children = (
				CB779E6626C9C02E00EC7D21 /* Base */,
			);
			name = Main.html;
			sourceTree = "<group>";
		};
		CB779E8226C9C03000EC7D21 /* LaunchScreen.storyboard */ = {
			isa = PBXVariantGroup;
			children = (
				CB779E8326C9C03000EC7D21 /* Base */,
			);
			name = LaunchScreen.storyboard;
			sourceTree = "<group>";
		};
		CB779E8526C9C03000EC7D21 /* Main.storyboard */ = {
			isa = PBXVariantGroup;
			children = (
				CB779E8626C9C03000EC7D21 /* Base */,
			);
			name = Main.storyboard;
			sourceTree = "<group>";
		};
		CB779E9126C9C03000EC7D21 /* Main.storyboard */ = {
			isa = PBXVariantGroup;
			children = (
				CB779E9226C9C03000EC7D21 /* Base */,
			);
			name = Main.storyboard;
			sourceTree = "<group>";
		};
/* End PBXVariantGroup section */

/* Begin XCBuildConfiguration section */
		CB779EC726C9C03000EC7D21 /* Debug */ = {
			isa = XCBuildConfiguration;
			buildSettings = {
				ALWAYS_SEARCH_USER_PATHS = NO;
				CLANG_ANALYZER_NONNULL = YES;
				CLANG_ANALYZER_NUMBER_OBJECT_CONVERSION = YES_AGGRESSIVE;
				CLANG_CXX_LANGUAGE_STANDARD = "gnu++17";
				CLANG_CXX_LIBRARY = "libc++";
				CLANG_ENABLE_MODULES = YES;
				CLANG_ENABLE_OBJC_ARC = YES;
				CLANG_ENABLE_OBJC_WEAK = YES;
				CLANG_WARN_BLOCK_CAPTURE_AUTORELEASING = YES;
				CLANG_WARN_BOOL_CONVERSION = YES;
				CLANG_WARN_COMMA = YES;
				CLANG_WARN_CONSTANT_CONVERSION = YES;
				CLANG_WARN_DEPRECATED_OBJC_IMPLEMENTATIONS = YES;
				CLANG_WARN_DIRECT_OBJC_ISA_USAGE = YES_ERROR;
				CLANG_WARN_DOCUMENTATION_COMMENTS = YES;
				CLANG_WARN_EMPTY_BODY = YES;
				CLANG_WARN_ENUM_CONVERSION = YES;
				CLANG_WARN_INFINITE_RECURSION = YES;
				CLANG_WARN_INT_CONVERSION = YES;
				CLANG_WARN_NON_LITERAL_NULL_CONVERSION = YES;
				CLANG_WARN_OBJC_IMPLICIT_RETAIN_SELF = YES;
				CLANG_WARN_OBJC_LITERAL_CONVERSION = YES;
				CLANG_WARN_OBJC_ROOT_CLASS = YES_ERROR;
				CLANG_WARN_QUOTED_INCLUDE_IN_FRAMEWORK_HEADER = YES;
				CLANG_WARN_RANGE_LOOP_ANALYSIS = YES;
				CLANG_WARN_STRICT_PROTOTYPES = YES;
				CLANG_WARN_SUSPICIOUS_MOVE = YES;
				CLANG_WARN_UNGUARDED_AVAILABILITY = YES_AGGRESSIVE;
				CLANG_WARN_UNREACHABLE_CODE = YES;
				CLANG_WARN__DUPLICATE_METHOD_MATCH = YES;
				COPY_PHASE_STRIP = NO;
				DEBUG_INFORMATION_FORMAT = dwarf;
				ENABLE_STRICT_OBJC_MSGSEND = YES;
				ENABLE_TESTABILITY = YES;
				GCC_C_LANGUAGE_STANDARD = gnu11;
				GCC_DYNAMIC_NO_PIC = NO;
				GCC_NO_COMMON_BLOCKS = YES;
				GCC_OPTIMIZATION_LEVEL = 0;
				GCC_PREPROCESSOR_DEFINITIONS = (
					"DEBUG=1",
					"$(inherited)",
				);
				GCC_WARN_64_TO_32_BIT_CONVERSION = YES;
				GCC_WARN_ABOUT_RETURN_TYPE = YES_ERROR;
				GCC_WARN_UNDECLARED_SELECTOR = YES;
				GCC_WARN_UNINITIALIZED_AUTOS = YES_AGGRESSIVE;
				GCC_WARN_UNUSED_FUNCTION = YES;
				GCC_WARN_UNUSED_VARIABLE = YES;
				MTL_ENABLE_DEBUG_INFO = INCLUDE_SOURCE;
				MTL_FAST_MATH = YES;
				ONLY_ACTIVE_ARCH = YES;
				SWIFT_ACTIVE_COMPILATION_CONDITIONS = DEBUG;
				SWIFT_OPTIMIZATION_LEVEL = "-Onone";
			};
			name = Debug;
		};
		CB779EC826C9C03000EC7D21 /* Release */ = {
			isa = XCBuildConfiguration;
			buildSettings = {
				ALWAYS_SEARCH_USER_PATHS = NO;
				CLANG_ANALYZER_NONNULL = YES;
				CLANG_ANALYZER_NUMBER_OBJECT_CONVERSION = YES_AGGRESSIVE;
				CLANG_CXX_LANGUAGE_STANDARD = "gnu++17";
				CLANG_CXX_LIBRARY = "libc++";
				CLANG_ENABLE_MODULES = YES;
				CLANG_ENABLE_OBJC_ARC = YES;
				CLANG_ENABLE_OBJC_WEAK = YES;
				CLANG_WARN_BLOCK_CAPTURE_AUTORELEASING = YES;
				CLANG_WARN_BOOL_CONVERSION = YES;
				CLANG_WARN_COMMA = YES;
				CLANG_WARN_CONSTANT_CONVERSION = YES;
				CLANG_WARN_DEPRECATED_OBJC_IMPLEMENTATIONS = YES;
				CLANG_WARN_DIRECT_OBJC_ISA_USAGE = YES_ERROR;
				CLANG_WARN_DOCUMENTATION_COMMENTS = YES;
				CLANG_WARN_EMPTY_BODY = YES;
				CLANG_WARN_ENUM_CONVERSION = YES;
				CLANG_WARN_INFINITE_RECURSION = YES;
				CLANG_WARN_INT_CONVERSION = YES;
				CLANG_WARN_NON_LITERAL_NULL_CONVERSION = YES;
				CLANG_WARN_OBJC_IMPLICIT_RETAIN_SELF = YES;
				CLANG_WARN_OBJC_LITERAL_CONVERSION = YES;
				CLANG_WARN_OBJC_ROOT_CLASS = YES_ERROR;
				CLANG_WARN_QUOTED_INCLUDE_IN_FRAMEWORK_HEADER = YES;
				CLANG_WARN_RANGE_LOOP_ANALYSIS = YES;
				CLANG_WARN_STRICT_PROTOTYPES = YES;
				CLANG_WARN_SUSPICIOUS_MOVE = YES;
				CLANG_WARN_UNGUARDED_AVAILABILITY = YES_AGGRESSIVE;
				CLANG_WARN_UNREACHABLE_CODE = YES;
				CLANG_WARN__DUPLICATE_METHOD_MATCH = YES;
				COPY_PHASE_STRIP = NO;
				DEBUG_INFORMATION_FORMAT = "dwarf-with-dsym";
				ENABLE_NS_ASSERTIONS = NO;
				ENABLE_STRICT_OBJC_MSGSEND = YES;
				GCC_C_LANGUAGE_STANDARD = gnu11;
				GCC_NO_COMMON_BLOCKS = YES;
				GCC_WARN_64_TO_32_BIT_CONVERSION = YES;
				GCC_WARN_ABOUT_RETURN_TYPE = YES_ERROR;
				GCC_WARN_UNDECLARED_SELECTOR = YES;
				GCC_WARN_UNINITIALIZED_AUTOS = YES_AGGRESSIVE;
				GCC_WARN_UNUSED_FUNCTION = YES;
				GCC_WARN_UNUSED_VARIABLE = YES;
				MTL_ENABLE_DEBUG_INFO = NO;
				MTL_FAST_MATH = YES;
				SWIFT_COMPILATION_MODE = wholemodule;
				SWIFT_OPTIMIZATION_LEVEL = "-O";
			};
			name = Release;
		};
		CB779ECA26C9C03000EC7D21 /* Debug */ = {
			isa = XCBuildConfiguration;
			buildSettings = {
				CODE_SIGN_STYLE = Automatic;
				CURRENT_PROJECT_VERSION = 1;
				DEVELOPMENT_TEAM = L27L4K8SQU;
				GENERATE_INFOPLIST_FILE = YES;
				INFOPLIST_FILE = "iOS (Extension)/Info.plist";
				INFOPLIST_KEY_CFBundleDisplayName = "Keys Multiplatform Extension";
				INFOPLIST_KEY_NSHumanReadableCopyright = "";
				IPHONEOS_DEPLOYMENT_TARGET = 15.0;
				LD_RUNPATH_SEARCH_PATHS = (
					"$(inherited)",
					"@executable_path/Frameworks",
					"@executable_path/../../Frameworks",
				);
				MARKETING_VERSION = 1.0;
				OTHER_LDFLAGS = (
					"-framework",
					SafariServices,
				);
				PRODUCT_BUNDLE_IDENTIFIER = "shockerella.Keys-Multiplatform.Extension";
				PRODUCT_NAME = "Keys Multiplatform Extension";
				SDKROOT = iphoneos;
				SKIP_INSTALL = YES;
				SWIFT_EMIT_LOC_STRINGS = YES;
				SWIFT_VERSION = 5.0;
				TARGETED_DEVICE_FAMILY = "1,2";
			};
			name = Debug;
		};
		CB779ECB26C9C03000EC7D21 /* Release */ = {
			isa = XCBuildConfiguration;
			buildSettings = {
				CODE_SIGN_STYLE = Automatic;
				CURRENT_PROJECT_VERSION = 1;
				DEVELOPMENT_TEAM = L27L4K8SQU;
				GENERATE_INFOPLIST_FILE = YES;
				INFOPLIST_FILE = "iOS (Extension)/Info.plist";
				INFOPLIST_KEY_CFBundleDisplayName = "Keys Multiplatform Extension";
				INFOPLIST_KEY_NSHumanReadableCopyright = "";
				IPHONEOS_DEPLOYMENT_TARGET = 15.0;
				LD_RUNPATH_SEARCH_PATHS = (
					"$(inherited)",
					"@executable_path/Frameworks",
					"@executable_path/../../Frameworks",
				);
				MARKETING_VERSION = 1.0;
				OTHER_LDFLAGS = (
					"-framework",
					SafariServices,
				);
				PRODUCT_BUNDLE_IDENTIFIER = "shockerella.Keys-Multiplatform.Extension";
				PRODUCT_NAME = "Keys Multiplatform Extension";
				SDKROOT = iphoneos;
				SKIP_INSTALL = YES;
				SWIFT_EMIT_LOC_STRINGS = YES;
				SWIFT_VERSION = 5.0;
				TARGETED_DEVICE_FAMILY = "1,2";
				VALIDATE_PRODUCT = YES;
			};
			name = Release;
		};
		CB779ECE26C9C03000EC7D21 /* Debug */ = {
			isa = XCBuildConfiguration;
			buildSettings = {
				ALWAYS_EMBED_SWIFT_STANDARD_LIBRARIES = YES;
				ASSETCATALOG_COMPILER_APPICON_NAME = AppIcon;
				ASSETCATALOG_COMPILER_GLOBAL_ACCENT_COLOR_NAME = AccentColor;
				CODE_SIGN_STYLE = Automatic;
				CURRENT_PROJECT_VERSION = 1;
				DEVELOPMENT_TEAM = L27L4K8SQU;
				GENERATE_INFOPLIST_FILE = YES;
				INFOPLIST_FILE = "iOS (App)/Info.plist";
				INFOPLIST_KEY_CFBundleDisplayName = "Keys Multiplatform";
				INFOPLIST_KEY_UIApplicationSupportsIndirectInputEvents = YES;
				INFOPLIST_KEY_UILaunchStoryboardName = LaunchScreen;
				INFOPLIST_KEY_UIMainStoryboardFile = Main;
				INFOPLIST_KEY_UISupportedInterfaceOrientations = "UIInterfaceOrientationPortrait UIInterfaceOrientationLandscapeLeft UIInterfaceOrientationLandscapeRight";
				INFOPLIST_KEY_UISupportedInterfaceOrientations_iPad = "UIInterfaceOrientationPortrait UIInterfaceOrientationPortraitUpsideDown UIInterfaceOrientationLandscapeLeft UIInterfaceOrientationLandscapeRight";
				IPHONEOS_DEPLOYMENT_TARGET = 15.0;
				LD_RUNPATH_SEARCH_PATHS = (
					"$(inherited)",
					"@executable_path/Frameworks",
				);
				MARKETING_VERSION = 1.0;
				OTHER_LDFLAGS = (
					"-framework",
					SafariServices,
					"-framework",
					WebKit,
				);
				PRODUCT_BUNDLE_IDENTIFIER = "shockerella.Keys-Multiplatform";
				PRODUCT_NAME = "Keys Multiplatform";
				SDKROOT = iphoneos;
				SWIFT_EMIT_LOC_STRINGS = YES;
				SWIFT_VERSION = 5.0;
				TARGETED_DEVICE_FAMILY = "1,2";
			};
			name = Debug;
		};
		CB779ECF26C9C03000EC7D21 /* Release */ = {
			isa = XCBuildConfiguration;
			buildSettings = {
				ALWAYS_EMBED_SWIFT_STANDARD_LIBRARIES = YES;
				ASSETCATALOG_COMPILER_APPICON_NAME = AppIcon;
				ASSETCATALOG_COMPILER_GLOBAL_ACCENT_COLOR_NAME = AccentColor;
				CODE_SIGN_STYLE = Automatic;
				CURRENT_PROJECT_VERSION = 1;
				DEVELOPMENT_TEAM = L27L4K8SQU;
				GENERATE_INFOPLIST_FILE = YES;
				INFOPLIST_FILE = "iOS (App)/Info.plist";
				INFOPLIST_KEY_CFBundleDisplayName = "Keys Multiplatform";
				INFOPLIST_KEY_UIApplicationSupportsIndirectInputEvents = YES;
				INFOPLIST_KEY_UILaunchStoryboardName = LaunchScreen;
				INFOPLIST_KEY_UIMainStoryboardFile = Main;
				INFOPLIST_KEY_UISupportedInterfaceOrientations = "UIInterfaceOrientationPortrait UIInterfaceOrientationLandscapeLeft UIInterfaceOrientationLandscapeRight";
				INFOPLIST_KEY_UISupportedInterfaceOrientations_iPad = "UIInterfaceOrientationPortrait UIInterfaceOrientationPortraitUpsideDown UIInterfaceOrientationLandscapeLeft UIInterfaceOrientationLandscapeRight";
				IPHONEOS_DEPLOYMENT_TARGET = 15.0;
				LD_RUNPATH_SEARCH_PATHS = (
					"$(inherited)",
					"@executable_path/Frameworks",
				);
				MARKETING_VERSION = 1.0;
				OTHER_LDFLAGS = (
					"-framework",
					SafariServices,
					"-framework",
					WebKit,
				);
				PRODUCT_BUNDLE_IDENTIFIER = "shockerella.Keys-Multiplatform";
				PRODUCT_NAME = "Keys Multiplatform";
				SDKROOT = iphoneos;
				SWIFT_EMIT_LOC_STRINGS = YES;
				SWIFT_VERSION = 5.0;
				TARGETED_DEVICE_FAMILY = "1,2";
				VALIDATE_PRODUCT = YES;
			};
			name = Release;
		};
		CB779ED126C9C03000EC7D21 /* Debug */ = {
			isa = XCBuildConfiguration;
			buildSettings = {
				CODE_SIGN_STYLE = Automatic;
				CURRENT_PROJECT_VERSION = 1;
				DEVELOPMENT_TEAM = L27L4K8SQU;
				ENABLE_APP_SANDBOX = YES;
				ENABLE_HARDENED_RUNTIME = YES;
				ENABLE_USER_SELECTED_FILES = readonly;
				GENERATE_INFOPLIST_FILE = YES;
				INFOPLIST_FILE = "macOS (Extension)/Info.plist";
				INFOPLIST_KEY_CFBundleDisplayName = "Keys Multiplatform Extension";
				INFOPLIST_KEY_NSHumanReadableCopyright = "";
				LD_RUNPATH_SEARCH_PATHS = (
					"$(inherited)",
					"@executable_path/../Frameworks",
					"@executable_path/../../../../Frameworks",
				);
				MACOSX_DEPLOYMENT_TARGET = 10.14;
				MARKETING_VERSION = 1.0;
				OTHER_LDFLAGS = (
					"-framework",
					SafariServices,
				);
				PRODUCT_BUNDLE_IDENTIFIER = "shockerella.Keys-Multiplatform.Extension";
				PRODUCT_NAME = "Keys Multiplatform Extension";
				SDKROOT = macosx;
				SKIP_INSTALL = YES;
				SWIFT_EMIT_LOC_STRINGS = YES;
				SWIFT_VERSION = 5.0;
			};
			name = Debug;
		};
		CB779ED226C9C03000EC7D21 /* Release */ = {
			isa = XCBuildConfiguration;
			buildSettings = {
				CODE_SIGN_STYLE = Automatic;
				CURRENT_PROJECT_VERSION = 1;
				DEVELOPMENT_TEAM = L27L4K8SQU;
				ENABLE_APP_SANDBOX = YES;
				ENABLE_HARDENED_RUNTIME = YES;
				ENABLE_USER_SELECTED_FILES = readonly;
				GENERATE_INFOPLIST_FILE = YES;
				INFOPLIST_FILE = "macOS (Extension)/Info.plist";
				INFOPLIST_KEY_CFBundleDisplayName = "Keys Multiplatform Extension";
				INFOPLIST_KEY_NSHumanReadableCopyright = "";
				LD_RUNPATH_SEARCH_PATHS = (
					"$(inherited)",
					"@executable_path/../Frameworks",
					"@executable_path/../../../../Frameworks",
				);
				MACOSX_DEPLOYMENT_TARGET = 10.14;
				MARKETING_VERSION = 1.0;
				OTHER_LDFLAGS = (
					"-framework",
					SafariServices,
				);
				PRODUCT_BUNDLE_IDENTIFIER = "shockerella.Keys-Multiplatform.Extension";
				PRODUCT_NAME = "Keys Multiplatform Extension";
				SDKROOT = macosx;
				SKIP_INSTALL = YES;
				SWIFT_EMIT_LOC_STRINGS = YES;
				SWIFT_VERSION = 5.0;
			};
			name = Release;
		};
		CB779ED526C9C03000EC7D21 /* Debug */ = {
			isa = XCBuildConfiguration;
			buildSettings = {
				ALWAYS_EMBED_SWIFT_STANDARD_LIBRARIES = YES;
				ASSETCATALOG_COMPILER_APPICON_NAME = AppIcon;
				ASSETCATALOG_COMPILER_GLOBAL_ACCENT_COLOR_NAME = AccentColor;
				CODE_SIGN_ENTITLEMENTS = "macOS (App)/Keys Multiplatform.entitlements";
				CODE_SIGN_STYLE = Automatic;
				CURRENT_PROJECT_VERSION = 1;
				DEVELOPMENT_TEAM = L27L4K8SQU;
				ENABLE_APP_SANDBOX = YES;
				ENABLE_HARDENED_RUNTIME = YES;
				ENABLE_USER_SELECTED_FILES = readonly;
				GENERATE_INFOPLIST_FILE = YES;
				INFOPLIST_KEY_CFBundleDisplayName = "Keys Multiplatform";
				INFOPLIST_KEY_NSMainStoryboardFile = Main;
				INFOPLIST_KEY_NSPrincipalClass = NSApplication;
				LD_RUNPATH_SEARCH_PATHS = (
					"$(inherited)",
					"@executable_path/../Frameworks",
				);
				MACOSX_DEPLOYMENT_TARGET = 10.14;
				MARKETING_VERSION = 1.0;
				OTHER_LDFLAGS = (
					"-framework",
					SafariServices,
					"-framework",
					WebKit,
				);
				PRODUCT_BUNDLE_IDENTIFIER = "shockerella.Keys-Multiplatform";
				PRODUCT_NAME = "Keys Multiplatform";
				SDKROOT = macosx;
				SWIFT_EMIT_LOC_STRINGS = YES;
				SWIFT_VERSION = 5.0;
			};
			name = Debug;
		};
		CB779ED626C9C03000EC7D21 /* Release */ = {
			isa = XCBuildConfiguration;
			buildSettings = {
				ALWAYS_EMBED_SWIFT_STANDARD_LIBRARIES = YES;
				ASSETCATALOG_COMPILER_APPICON_NAME = AppIcon;
				ASSETCATALOG_COMPILER_GLOBAL_ACCENT_COLOR_NAME = AccentColor;
				CODE_SIGN_ENTITLEMENTS = "macOS (App)/Keys Multiplatform.entitlements";
				CODE_SIGN_STYLE = Automatic;
				CURRENT_PROJECT_VERSION = 1;
				DEVELOPMENT_TEAM = L27L4K8SQU;
				ENABLE_APP_SANDBOX = YES;
				ENABLE_HARDENED_RUNTIME = YES;
				ENABLE_USER_SELECTED_FILES = readonly;
				GENERATE_INFOPLIST_FILE = YES;
				INFOPLIST_KEY_CFBundleDisplayName = "Keys Multiplatform";
				INFOPLIST_KEY_NSMainStoryboardFile = Main;
				INFOPLIST_KEY_NSPrincipalClass = NSApplication;
				LD_RUNPATH_SEARCH_PATHS = (
					"$(inherited)",
					"@executable_path/../Frameworks",
				);
				MACOSX_DEPLOYMENT_TARGET = 10.14;
				MARKETING_VERSION = 1.0;
				OTHER_LDFLAGS = (
					"-framework",
					SafariServices,
					"-framework",
					WebKit,
				);
				PRODUCT_BUNDLE_IDENTIFIER = "shockerella.Keys-Multiplatform";
				PRODUCT_NAME = "Keys Multiplatform";
				SDKROOT = macosx;
				SWIFT_EMIT_LOC_STRINGS = YES;
				SWIFT_VERSION = 5.0;
			};
			name = Release;
		};
/* End XCBuildConfiguration section */

/* Begin XCConfigurationList section */
		CB779E6226C9C02D00EC7D21 /* Build configuration list for PBXProject "Keys Multiplatform" */ = {
			isa = XCConfigurationList;
			buildConfigurations = (
				CB779EC726C9C03000EC7D21 /* Debug */,
				CB779EC826C9C03000EC7D21 /* Release */,
			);
			defaultConfigurationIsVisible = 0;
			defaultConfigurationName = Release;
		};
		CB779EC926C9C03000EC7D21 /* Build configuration list for PBXNativeTarget "Keys Multiplatform Extension (iOS)" */ = {
			isa = XCConfigurationList;
			buildConfigurations = (
				CB779ECA26C9C03000EC7D21 /* Debug */,
				CB779ECB26C9C03000EC7D21 /* Release */,
			);
			defaultConfigurationIsVisible = 0;
			defaultConfigurationName = Release;
		};
		CB779ECD26C9C03000EC7D21 /* Build configuration list for PBXNativeTarget "Keys Multiplatform (iOS)" */ = {
			isa = XCConfigurationList;
			buildConfigurations = (
				CB779ECE26C9C03000EC7D21 /* Debug */,
				CB779ECF26C9C03000EC7D21 /* Release */,
			);
			defaultConfigurationIsVisible = 0;
			defaultConfigurationName = Release;
		};
		CB779ED026C9C03000EC7D21 /* Build configuration list for PBXNativeTarget "Keys Multiplatform Extension (macOS)" */ = {
			isa = XCConfigurationList;
			buildConfigurations = (
				CB779ED126C9C03000EC7D21 /* Debug */,
				CB779ED226C9C03000EC7D21 /* Release */,
			);
			defaultConfigurationIsVisible = 0;
			defaultConfigurationName = Release;
		};
		CB779ED426C9C03000EC7D21 /* Build configuration list for PBXNativeTarget "Keys Multiplatform (macOS)" */ = {
			isa = XCConfigurationList;
			buildConfigurations = (
				CB779ED526C9C03000EC7D21 /* Debug */,
				CB779ED626C9C03000EC7D21 /* Release */,
			);
			defaultConfigurationIsVisible = 0;
			defaultConfigurationName = Release;
		};
/* End XCConfigurationList section */
	};
	rootObject = CB779E5F26C9C02D00EC7D21 /* Project object */;
}
